
Microsoft Visual Studio Solution File, Format Version 12.00
# Visual Studio 15
VisualStudioVersion = 15.0.27703.2035
MinimumVisualStudioVersion = 10.0.40219.1
Project("{9092AA53-FB77-4645-B42D-1CCCA6BD08BD}") = "Gentron.UI", "Gentron.UI\Gentron.UI.njsproj", "{A9D5C2AB-3338-4489-9CD1-27B12F745B65}"
EndProject
Project("{9092AA53-FB77-4645-B42D-1CCCA6BD08BD}") = "Gentron.Library", "Gentron.Library\Gentron.Library.njsproj", "{3FDD3DB4-DB93-4EEA-936D-66E74876BCEB}"
EndProject
Global
	GlobalSection(SolutionConfigurationPlatforms) = preSolution
		Debug|Any CPU = Debug|Any CPU
		Release|Any CPU = Release|Any CPU
	EndGlobalSection
	GlobalSection(ProjectConfigurationPlatforms) = postSolution
		{A9D5C2AB-3338-4489-9CD1-27B12F745B65}.Debug|Any CPU.ActiveCfg = Debug|Any CPU
		{A9D5C2AB-3338-4489-9CD1-27B12F745B65}.Debug|Any CPU.Build.0 = Debug|Any CPU
		{A9D5C2AB-3338-4489-9CD1-27B12F745B65}.Release|Any CPU.ActiveCfg = Release|Any CPU
		{A9D5C2AB-3338-4489-9CD1-27B12F745B65}.Release|Any CPU.Build.0 = Release|Any CPU
		{3FDD3DB4-DB93-4EEA-936D-66E74876BCEB}.Debug|Any CPU.ActiveCfg = Debug|Any CPU
		{3FDD3DB4-DB93-4EEA-936D-66E74876BCEB}.Debug|Any CPU.Build.0 = Debug|Any CPU
		{3FDD3DB4-DB93-4EEA-936D-66E74876BCEB}.Release|Any CPU.ActiveCfg = Release|Any CPU
		{3FDD3DB4-DB93-4EEA-936D-66E74876BCEB}.Release|Any CPU.Build.0 = Release|Any CPU
	EndGlobalSection
	GlobalSection(SolutionProperties) = preSolution
		HideSolutionNode = FALSE
	EndGlobalSection
	GlobalSection(ExtensibilityGlobals) = postSolution
		SolutionGuid = {6CBCDA50-9127-4529-913D-A91D869616EE}
	EndGlobalSection
EndGlobal
