{
  "name": "gentron.library",
  "version": "0.0.0",
  "lockfileVersion": 1,
  "requires": true,
  "dependencies": {
    "@types/node": {
      "version": "10.12.0",
      "resolved": "https://registry.npmjs.org/@types/node/-/node-10.12.0.tgz",
      "integrity": "sha512-3TUHC3jsBAB7qVRGxT6lWyYo2v96BMmD2PTcl47H25Lu7UXtFH/2qqmKiVrnel6Ne//0TFYf6uvNX+HW2FRkLQ==",
      "dev": true
    },
    "reflect-metadata": {
      "version": "0.1.12",
      "resolved": "https://registry.npmjs.org/reflect-metadata/-/reflect-metadata-0.1.12.tgz",
      "integrity": "sha512-n+IyV+nGz3+0q3/Yf1ra12KpCyi001bi4XFxSjbiWWjfqb52iTTtpGXmCCAOWWIAn9KEuFZKGqBERHmrtScZ3A==",
      "dev": true
    },
    "ta-json": {
      "version": "2.5.0",
      "resolved": "https://registry.npmjs.org/ta-json/-/ta-json-2.5.0.tgz",
      "integrity": "sha512-m8Qq+LCpCiaFost99EbcFHpVrX61BUBfDrRW4WsqsFJvB1UkIhvoHNIK3YMnkLnUG2B/TpGNJfzdlNQjlNBKLg==",
      "dev": true,
      "requires": {
        "reflect-metadata": "^0.1.12"
      }
    }
  }
}
